
Microsoft Visual Studio Solution File, Format Version 12.00
# Visual Studio Version 17
VisualStudioVersion = 17.9.34902.65
MinimumVisualStudioVersion = 10.0.40219.1
Project("{9A19103F-16F7-4668-BE54-9A1E7A4F7556}") = "WebApi", "WebApi.csproj", "{5D1AD312-BCC6-4975-951B-5789B0C81DA8}"
EndProject
Project("{9A19103F-16F7-4668-BE54-9A1E7A4F7556}") = "Domain", "Domain\Domain.csproj", "{BC1955E5-F6D4-43BA-8303-A3EF5897AA7C}"
EndProject
Project("{9A19103F-16F7-4668-BE54-9A1E7A4F7556}") = "Infrastructure", "Infrastructure\Infrastructure.csproj", "{454ED937-C32C-4439-9589-F3352046DF2D}"
EndProject
Project("{9A19103F-16F7-4668-BE54-9A1E7A4F7556}") = "Application", "Application\Application.csproj", "{D1201D47-89F1-4411-89D5-352A04890C10}"
EndProject
Project("{FAE04EC0-301F-11D3-BF4B-00C04F79EFBC}") = "Tests", "Tests\Tests.csproj", "{0FC3E505-F528-46EB-A6DA-77B2FE2C2857}"
EndProject
Global
	GlobalSection(SolutionConfigurationPlatforms) = preSolution
		Debug|Any CPU = Debug|Any CPU
		Release|Any CPU = Release|Any CPU
	EndGlobalSection
	GlobalSection(ProjectConfigurationPlatforms) = postSolution
		{5D1AD312-BCC6-4975-951B-5789B0C81DA8}.Debug|Any CPU.ActiveCfg = Debug|Any CPU
		{5D1AD312-BCC6-4975-951B-5789B0C81DA8}.Debug|Any CPU.Build.0 = Debug|Any CPU
		{5D1AD312-BCC6-4975-951B-5789B0C81DA8}.Release|Any CPU.ActiveCfg = Release|Any CPU
		{5D1AD312-BCC6-4975-951B-5789B0C81DA8}.Release|Any CPU.Build.0 = Release|Any CPU
		{BC1955E5-F6D4-43BA-8303-A3EF5897AA7C}.Debug|Any CPU.ActiveCfg = Debug|Any CPU
		{BC1955E5-F6D4-43BA-8303-A3EF5897AA7C}.Debug|Any CPU.Build.0 = Debug|Any CPU
		{BC1955E5-F6D4-43BA-8303-A3EF5897AA7C}.Release|Any CPU.ActiveCfg = Release|Any CPU
		{BC1955E5-F6D4-43BA-8303-A3EF5897AA7C}.Release|Any CPU.Build.0 = Release|Any CPU
		{454ED937-C32C-4439-9589-F3352046DF2D}.Debug|Any CPU.ActiveCfg = Debug|Any CPU
		{454ED937-C32C-4439-9589-F3352046DF2D}.Debug|Any CPU.Build.0 = Debug|Any CPU
		{454ED937-C32C-4439-9589-F3352046DF2D}.Release|Any CPU.ActiveCfg = Release|Any CPU
		{454ED937-C32C-4439-9589-F3352046DF2D}.Release|Any CPU.Build.0 = Release|Any CPU
		{D1201D47-89F1-4411-89D5-352A04890C10}.Debug|Any CPU.ActiveCfg = Debug|Any CPU
		{D1201D47-89F1-4411-89D5-352A04890C10}.Debug|Any CPU.Build.0 = Debug|Any CPU
		{D1201D47-89F1-4411-89D5-352A04890C10}.Release|Any CPU.ActiveCfg = Release|Any CPU
		{D1201D47-89F1-4411-89D5-352A04890C10}.Release|Any CPU.Build.0 = Release|Any CPU
		{0FC3E505-F528-46EB-A6DA-77B2FE2C2857}.Debug|Any CPU.ActiveCfg = Debug|Any CPU
		{0FC3E505-F528-46EB-A6DA-77B2FE2C2857}.Debug|Any CPU.Build.0 = Debug|Any CPU
		{0FC3E505-F528-46EB-A6DA-77B2FE2C2857}.Release|Any CPU.ActiveCfg = Release|Any CPU
		{0FC3E505-F528-46EB-A6DA-77B2FE2C2857}.Release|Any CPU.Build.0 = Release|Any CPU
	EndGlobalSection
	GlobalSection(SolutionProperties) = preSolution
		HideSolutionNode = FALSE
	EndGlobalSection
	GlobalSection(ExtensibilityGlobals) = postSolution
		SolutionGuid = {C82740E8-B601-4B09-AD5B-8EFD4FB6E869}
	EndGlobalSection
EndGlobal
